<?xml version="1.0" encoding="UTF-8" standalone="yes" ?>
<CodeBlocks_project_file>
	<FileVersion major="1" minor="6" />
	<Project>
		<Option title="cobani-gui" />
		<Option pch_mode="2" />
		<Option compiler="gcc" />
		<Build>
			<Target title="Debug-FirstPerosn">
				<Option output="bin/Debug/cobani-firstperson" prefix_auto="1" extension_auto="1" />
				<Option working_dir="bin/Debug" />
				<Option object_output="obj/Debug/" />
				<Option type="1" />
				<Option compiler="gcc" />
				<Compiler>
					<Add option="-g" />
					<Add option="-DWINDOWS_MINGW" />
					<Add option="-DCOBANI_DEBUG" />
					<Add directory="../core/src" />
				</Compiler>
				<Linker>
					<Add library="../core/bin/Debug/libcobani-core.dll" />
				</Linker>
				<ExtraCommands>
					<Add before="cmd /c cp ..\core\$(TARGET_OUTPUT_DIR)libcobani-core.dll $(TARGET_OUTPUT_DIR)" />
					<Add before="cmd /c cp C:\msys64\mingw64\share\fonts\TTF\DejaVuSans.ttf $(TARGET_OUTPUT_DIR)" />
				</ExtraCommands>
			</Target>
			<Target title="Release-FirstPerson">
				<Option output="bin/Release/gui" prefix_auto="1" extension_auto="1" />
				<Option object_output="obj/Release/" />
				<Option type="0" />
				<Option compiler="gcc" />
				<Compiler>
					<Add option="-O2" />
				</Compiler>
				<Linker>
					<Add option="-s" />
				</Linker>
			</Target>
			<Target title="Debug-Community">
				<Option output="bin/Debug/cobani-community" prefix_auto="1" extension_auto="1" />
				<Option working_dir="bin/Debug" />
				<Option object_output="obj/Debug/" />
				<Option type="1" />
				<Option compiler="gcc" />
				<Compiler>
					<Add option="-g" />
					<Add option="-DWINDOWS_MINGW" />
					<Add option="-DCOBANI_DEBUG" />
					<Add directory="../core/src" />
				</Compiler>
				<Linker>
					<Add library="../core/bin/Debug/libcobani-core.dll" />
				</Linker>
				<ExtraCommands>
					<Add before="cmd /c cp ..\core\$(TARGET_OUTPUT_DIR)libcobani-core.dll $(TARGET_OUTPUT_DIR)" />
					<Add before="cmd /c cp C:\msys64\mingw64\share\fonts\TTF\DejaVuSans.ttf $(TARGET_OUTPUT_DIR)" />
				</ExtraCommands>
			</Target>
		</Build>
		<Compiler>
			<Add option="-Wall" />
			<Add directory="C:/msys64/mingw64/include" />
		</Compiler>
		<Linker>
			<Add library="mingw32" />
			<Add library="SDL2main" />
			<Add library="SDL2.dll" />
			<Add library="user32" />
			<Add library="gdi32" />
			<Add library="winmm" />
			<Add library="dxguid" />
			<Add directory="C:/msys64/mingw64/lib" />
		</Linker>
		<ExtraCommands>
			<Add after="XCOPY $(#sdl2)\bin\*.dll $(TARGET_OUTPUT_DIR) /D /Y" />
		</ExtraCommands>
		<Unit filename="src/Community.cc">
			<Option target="Debug-Community" />
		</Unit>
		<Unit filename="src/Community.hh">
			<Option target="Debug-Community" />
		</Unit>
		<Unit filename="src/FirstPerons.cc" />
		<Unit filename="src/FirstPerons.hh" />
		<Unit filename="src/main-community.cc">
			<Option target="Debug-Community" />
		</Unit>
		<Unit filename="src/main-firstperson.cc">
			<Option target="Debug-FirstPerosn" />
			<Option target="Release-FirstPerson" />
		</Unit>
		<Extensions />
	</Project>
</CodeBlocks_project_file>
