<?xml version="1.0" encoding="UTF-8" standalone="yes" ?>
<CodeBlocks_project_file>
	<FileVersion major="1" minor="6" />
	<Project>
		<Option title="cobani-core" />
		<Option pch_mode="2" />
		<Option compiler="gcc" />
		<Build>
			<Target title="Debug">
				<Option output="bin/Debug/libcobani-core" imp_lib="$(TARGET_OUTPUT_DIR)$(TARGET_OUTPUT_BASENAME).a" def_file="$(TARGET_OUTPUT_DIR)$(TARGET_OUTPUT_BASENAME).def" prefix_auto="1" extension_auto="1" />
				<Option object_output="obj/Debug/" />
				<Option type="3" />
				<Option compiler="gcc" />
				<Option createDefFile="1" />
				<Option createStaticLib="1" />
				<Compiler>
					<Add option="-std=c++20" />
					<Add option="-g" />
					<Add option="-DWINDOWS_MINGW" />
					<Add option="-DBUILDING_DLL" />
				</Compiler>
				<Linker>
					<Add option="-lopengl32" />
				</Linker>
			</Target>
			<Target title="Release">
				<Option output="bin/Release/core" prefix_auto="1" extension_auto="1" />
				<Option object_output="obj/Release/" />
				<Option type="0" />
				<Option compiler="gcc" />
				<Compiler>
					<Add option="-O2" />
				</Compiler>
				<Linker>
					<Add option="-s" />
				</Linker>
			</Target>
		</Build>
		<Compiler>
			<Add option="-Wall" />
			<Add directory="$(#sdl2.include)/SDL2" />
		</Compiler>
		<Linker>
			<Add library="mingw32" />
			<Add library="SDL2main" />
			<Add library="SDL2.dll" />
			<Add library="user32" />
			<Add library="gdi32" />
			<Add library="winmm" />
			<Add library="dxguid" />
			<Add directory="$(#sdl2.lib)" />
		</Linker>
		<ExtraCommands>
			<Add after="XCOPY $(#sdl2)\bin\*.dll $(TARGET_OUTPUT_DIR) /D /Y" />
		</ExtraCommands>
		<Unit filename="src/Dust.cc" />
		<Unit filename="src/Dust.hh" />
		<Unit filename="src/contexts.cc" />
		<Unit filename="src/contexts.hh" />
		<Unit filename="src/entities.cc" />
		<Unit filename="src/entities.hh" />
		<Extensions>
			<lib_finder>
				<lib name="/sdl2" />
				<lib name="/SDL2_ttf" />
			</lib_finder>
		</Extensions>
	</Project>
</CodeBlocks_project_file>
